// !$*UTF8*$!
{
	archiveVersion = 1;
	classes = {
	};
	objectVersion = 56;
	objects = {

/* Begin PBXBuildFile section */
		529916292FB16DA4000C53D8 /* ToastManager.swift in Sources */ = {isa = PBXBuildFile; fileRef = 529916282FB16DA4000C53D8 /* ToastManager.swift */; };
		AA00000000000000000001 /* InternalDisplayOffApp.swift in Sources */ = {isa = PBXBuildFile; fileRef = AB00000000000000000001 /* InternalDisplayOffApp.swift */; };
		AA00000000000000000002 /* AppDelegate.swift in Sources */ = {isa = PBXBuildFile; fileRef = AB00000000000000000002 /* AppDelegate.swift */; };
		AA00000000000000000003 /* DisplayManager.swift in Sources */ = {isa = PBXBuildFile; fileRef = AB00000000000000000003 /* DisplayManager.swift */; };
		AA00000000000000000004 /* PopoverView.swift in Sources */ = {isa = PBXBuildFile; fileRef = AB00000000000000000004 /* PopoverView.swift */; };
		AA00000000000000000008 /* LaunchManager.swift in Sources */ = {isa = PBXBuildFile; fileRef = AB00000000000000000008 /* LaunchManager.swift */; };
		AA00000000000000000009 /* Assets.xcassets in Resources */ = {isa = PBXBuildFile; fileRef = AB00000000000000000009 /* Assets.xcassets */; };
/* End PBXBuildFile section */

/* Begin PBXFileReference section */
		529916282FB16DA4000C53D8 /* ToastManager.swift */ = {isa = PBXFileReference; lastKnownFileType = sourcecode.swift; path = ToastManager.swift; sourceTree = "<group>"; };
		AB00000000000000000001 /* InternalDisplayOffApp.swift */ = {isa = PBXFileReference; lastKnownFileType = sourcecode.swift; path = InternalDisplayOffApp.swift; sourceTree = "<group>"; };
		AB00000000000000000002 /* AppDelegate.swift */ = {isa = PBXFileReference; lastKnownFileType = sourcecode.swift; path = AppDelegate.swift; sourceTree = "<group>"; };
		AB00000000000000000003 /* DisplayManager.swift */ = {isa = PBXFileReference; lastKnownFileType = sourcecode.swift; path = DisplayManager.swift; sourceTree = "<group>"; };
		AB00000000000000000004 /* PopoverView.swift */ = {isa = PBXFileReference; lastKnownFileType = sourcecode.swift; path = PopoverView.swift; sourceTree = "<group>"; };
		AB00000000000000000005 /* Info.plist */ = {isa = PBXFileReference; lastKnownFileType = text.plist.xml; path = Info.plist; sourceTree = "<group>"; };
		AB00000000000000000006 /* InternalDisplayOff.app */ = {isa = PBXFileReference; explicitFileType = wrapper.application; includeInIndex = 0; path = InternalDisplayOff.app; sourceTree = BUILT_PRODUCTS_DIR; };
		AB00000000000000000008 /* LaunchManager.swift */ = {isa = PBXFileReference; lastKnownFileType = sourcecode.swift; path = LaunchManager.swift; sourceTree = "<group>"; };
		AB00000000000000000009 /* Assets.xcassets */ = {isa = PBXFileReference; lastKnownFileType = folder.assetcatalog; path = Assets.xcassets; sourceTree = "<group>"; };
/* End PBXFileReference section */

/* Begin PBXFrameworksBuildPhase section */
		AD00000000000000000002 /* Frameworks */ = {
			isa = PBXFrameworksBuildPhase;
			buildActionMask = 2147483647;
			files = (
			);
			runOnlyForDeploymentPostprocessing = 0;
		};
/* End PBXFrameworksBuildPhase section */

/* Begin PBXGroup section */
		AC00000000000000000001 = {
			isa = PBXGroup;
			children = (
				AC00000000000000000002 /* Sources */,
				AC00000000000000000003 /* Resources */,
				AC00000000000000000004 /* Products */,
			);
			sourceTree = "<group>";
		};
		AC00000000000000000002 /* Sources */ = {
			isa = PBXGroup;
			children = (
				529916282FB16DA4000C53D8 /* ToastManager.swift */,
				AB00000000000000000001 /* InternalDisplayOffApp.swift */,
				AB00000000000000000002 /* AppDelegate.swift */,
				AB00000000000000000003 /* DisplayManager.swift */,
				AB00000000000000000004 /* PopoverView.swift */,
				AB00000000000000000008 /* LaunchManager.swift */,
			);
			path = Sources;
			sourceTree = "<group>";
		};
		AC00000000000000000003 /* Resources */ = {
			isa = PBXGroup;
			children = (
				AB00000000000000000005 /* Info.plist */,
				AB00000000000000000009 /* Assets.xcassets */,
			);
			path = Resources;
			sourceTree = "<group>";
		};
		AC00000000000000000004 /* Products */ = {
			isa = PBXGroup;
			children = (
				AB00000000000000000006 /* InternalDisplayOff.app */,
			);
			name = Products;
			sourceTree = "<group>";
		};
/* End PBXGroup section */

/* Begin PBXNativeTarget section */
		AE00000000000000000001 /* InternalDisplayOff */ = {
			isa = PBXNativeTarget;
			buildConfigurationList = AF00000000000000000001 /* Build configuration list for PBXNativeTarget "InternalDisplayOff" */;
			buildPhases = (
				AD00000000000000000001 /* Sources */,
				AD00000000000000000002 /* Frameworks */,
				AD00000000000000000003 /* Resources */,
			);
			buildRules = (
			);
			dependencies = (
			);
			name = InternalDisplayOff;
			productName = InternalDisplayOff;
			productReference = AB00000000000000000006 /* InternalDisplayOff.app */;
			productType = "com.apple.product-type.application";
		};
/* End PBXNativeTarget section */

/* Begin PBXProject section */
		B000000000000000000001 /* Project object */ = {
			isa = PBXProject;
			attributes = {
				BuildIndependentTargetsInParallel = 1;
				LastSwiftUpdateCheck = 1500;
				LastUpgradeCheck = 1500;
			};
			buildConfigurationList = AF00000000000000000002 /* Build configuration list for PBXProject "InternalDisplayOff" */;
			compatibilityVersion = "Xcode 14.0";
			developmentRegion = en;
			hasScannedForEncodings = 0;
			knownRegions = (
				en,
				Base,
			);
			mainGroup = AC00000000000000000001;
			productRefGroup = AC00000000000000000004 /* Products */;
			projectDirPath = "";
			projectRoot = "";
			targets = (
				AE00000000000000000001 /* InternalDisplayOff */,
			);
		};
/* End PBXProject section */

/* Begin PBXResourcesBuildPhase section */
		AD00000000000000000003 /* Resources */ = {
			isa = PBXResourcesBuildPhase;
			buildActionMask = 2147483647;
			files = (
				AA00000000000000000009 /* Assets.xcassets in Resources */,
			);
			runOnlyForDeploymentPostprocessing = 0;
		};
/* End PBXResourcesBuildPhase section */

/* Begin PBXSourcesBuildPhase section */
		AD00000000000000000001 /* Sources */ = {
			isa = PBXSourcesBuildPhase;
			buildActionMask = 2147483647;
			files = (
				AA00000000000000000001 /* InternalDisplayOffApp.swift in Sources */,
				AA00000000000000000002 /* AppDelegate.swift in Sources */,
				AA00000000000000000003 /* DisplayManager.swift in Sources */,
				529916292FB16DA4000C53D8 /* ToastManager.swift in Sources */,
				AA00000000000000000004 /* PopoverView.swift in Sources */,
				AA00000000000000000008 /* LaunchManager.swift in Sources */,
			);
			runOnlyForDeploymentPostprocessing = 0;
		};
/* End PBXSourcesBuildPhase section */

/* Begin XCBuildConfiguration section */
		B100000000000000000001 /* Debug */ = {
			isa = XCBuildConfiguration;
			buildSettings = {
				ALWAYS_SEARCH_USER_PATHS = NO;
				CLANG_ANALYZER_NONNULL = YES;
				CLANG_CXX_LANGUAGE_STANDARD = "gnu++20";
				CLANG_ENABLE_MODULES = YES;
				CLANG_ENABLE_OBJC_ARC = YES;
				COPY_PHASE_STRIP = NO;
				DEBUG_INFORMATION_FORMAT = dwarf;
				ENABLE_STRICT_OBJC_MSGSEND = YES;
				ENABLE_TESTABILITY = YES;
				GCC_DYNAMIC_NO_PIC = NO;
				GCC_OPTIMIZATION_LEVEL = 0;
				GCC_PREPROCESSOR_DEFINITIONS = (
					"DEBUG=1",
					"$(inherited)",
				);
				GCC_WARN_ABOUT_RETURN_TYPE = YES_ERROR;
				GCC_WARN_UNINITIALIZED_AUTOS = YES_AGGRESSIVE;
				MACOSX_DEPLOYMENT_TARGET = 13.0;
				MTL_ENABLE_DEBUG_INFO = INCLUDE_SOURCE;
				ONLY_ACTIVE_ARCH = YES;
				SDKROOT = macosx;
				SWIFT_ACTIVE_COMPILATION_CONDITIONS = DEBUG;
				SWIFT_OPTIMIZATION_LEVEL = "-Onone";
				SWIFT_VERSION = 5.0;
			};
			name = Debug;
		};
		B100000000000000000002 /* Release */ = {
			isa = XCBuildConfiguration;
			buildSettings = {
				ALWAYS_SEARCH_USER_PATHS = NO;
				CLANG_ANALYZER_NONNULL = YES;
				CLANG_CXX_LANGUAGE_STANDARD = "gnu++20";
				CLANG_ENABLE_MODULES = YES;
				CLANG_ENABLE_OBJC_ARC = YES;
				COPY_PHASE_STRIP = NO;
				DEBUG_INFORMATION_FORMAT = "dwarf-with-dsym";
				ENABLE_NS_ASSERTIONS = NO;
				ENABLE_STRICT_OBJC_MSGSEND = YES;
				GCC_WARN_ABOUT_RETURN_TYPE = YES_ERROR;
				GCC_WARN_UNINITIALIZED_AUTOS = YES_AGGRESSIVE;
				MACOSX_DEPLOYMENT_TARGET = 13.0;
				MTL_ENABLE_DEBUG_INFO = NO;
				SDKROOT = macosx;
				SWIFT_COMPILATION_MODE = wholemodule;
				SWIFT_OPTIMIZATION_LEVEL = "-O";
				SWIFT_VERSION = 5.0;
			};
			name = Release;
		};
		B100000000000000000003 /* Debug */ = {
			isa = XCBuildConfiguration;
			buildSettings = {
				ASSETCATALOG_COMPILER_APPICON_NAME = AppIcon;
				ASSETCATALOG_COMPILER_INCLUDE_ALL_APPICON_ASSETS = YES;
				CODE_SIGN_IDENTITY = "-";
				COMBINE_HIDPI_IMAGES = YES;
				ENABLE_APP_SANDBOX = NO;
				GENERATE_INFOPLIST_FILE = NO;
				INFOPLIST_FILE = Resources/Info.plist;
				LD_RUNPATH_SEARCH_PATHS = (
					"$(inherited)",
					"@executable_path/../Frameworks",
				);
				MACOSX_DEPLOYMENT_TARGET = 13.0;
				PRODUCT_BUNDLE_IDENTIFIER = com.ronald.InternalDisplayOff;
				PRODUCT_NAME = "$(TARGET_NAME)";
				SWIFT_EMIT_LOC_STRINGS = YES;
				SWIFT_VERSION = 5.0;
			};
			name = Debug;
		};
		B100000000000000000004 /* Release */ = {
			isa = XCBuildConfiguration;
			buildSettings = {
				ASSETCATALOG_COMPILER_APPICON_NAME = AppIcon;
				ASSETCATALOG_COMPILER_INCLUDE_ALL_APPICON_ASSETS = YES;
				CODE_SIGN_IDENTITY = "-";
				COMBINE_HIDPI_IMAGES = YES;
				ENABLE_APP_SANDBOX = NO;
				GENERATE_INFOPLIST_FILE = NO;
				INFOPLIST_FILE = Resources/Info.plist;
				LD_RUNPATH_SEARCH_PATHS = (
					"$(inherited)",
					"@executable_path/../Frameworks",
				);
				MACOSX_DEPLOYMENT_TARGET = 13.0;
				PRODUCT_BUNDLE_IDENTIFIER = com.ronald.InternalDisplayOff;
				PRODUCT_NAME = "$(TARGET_NAME)";
				SWIFT_EMIT_LOC_STRINGS = YES;
				SWIFT_VERSION = 5.0;
			};
			name = Release;
		};
/* End XCBuildConfiguration section */

/* Begin XCConfigurationList section */
		AF00000000000000000001 /* Build configuration list for PBXNativeTarget "InternalDisplayOff" */ = {
			isa = XCConfigurationList;
			buildConfigurations = (
				B100000000000000000003 /* Debug */,
				B100000000000000000004 /* Release */,
			);
			defaultConfigurationIsVisible = 0;
			defaultConfigurationName = Release;
		};
		AF00000000000000000002 /* Build configuration list for PBXProject "InternalDisplayOff" */ = {
			isa = XCConfigurationList;
			buildConfigurations = (
				B100000000000000000001 /* Debug */,
				B100000000000000000002 /* Release */,
			);
			defaultConfigurationIsVisible = 0;
			defaultConfigurationName = Release;
		};
/* End XCConfigurationList section */
	};
	rootObject = B000000000000000000001 /* Project object */;
}
